{
  "name": "@strapivo/cli",
  "version": "0.2.0-beta.1",
  "lockfileVersion": 3,
  "requires": true,
  "packages": {
    "": {
      "name": "@strapivo/cli",
      "version": "0.2.0-beta.1",
      "license": "MIT",
      "bin": {
        "strapivo": "dist/src/cli.js"
      },
      "devDependencies": {
        "@types/node": "^24.0.0",
        "api-smart-diff": "1.0.6",
        "typescript": "^5.9.0",
        "yaml": "2.8.3"
      },
      "engines": {
        "node": ">=22"
      }
    },
    "node_modules/@types/node": {
      "version": "24.13.3",
      "resolved": "https://registry.npmjs.org/@types/node/-/node-24.13.3.tgz",
      "integrity": "sha512-Dh8vAsV36ig5wa9OX4pXvMc9D3Veibfw2wix0CUwYODLD8nkj9UsLjASr49nPg+2eKzxhBV+v7L8pXvT4e639Q==",
      "dev": true,
      "license": "MIT",
      "dependencies": {
        "undici-types": "~7.18.0"
      }
    },
    "node_modules/allof-merge": {
      "version": "0.6.8",
      "resolved": "https://registry.npmjs.org/allof-merge/-/allof-merge-0.6.8.tgz",
      "integrity": "sha512-RJrHVDqITsU1kjE2L7s1hy4AYZSTlO1m9jTleYhVCEOfOpbbygRGfcEgrp+bW3oX/PcMUwVkt6MSJyXoyI6lRA==",
      "dev": true,
      "license": "MIT",
      "dependencies": {
        "json-crawl": "^0.5.3"
      }
    },
    "node_modules/api-smart-diff": {
      "version": "1.0.6",
      "resolved": "https://registry.npmjs.org/api-smart-diff/-/api-smart-diff-1.0.6.tgz",
      "integrity": "sha512-kDkGblcJG9eqy6duqYC/Cr0jN5AC9RrELRSLb3rOKgeni+7wBkCxBVIcNQVtKbYwUQ3K9JOxfPTZaEZDWtyOhg==",
      "dev": true,
      "license": "MIT",
      "dependencies": {
        "allof-merge": "^0.6.4",
        "json-crawl": "^0.5.2"
      }
    },
    "node_modules/json-crawl": {
      "version": "0.5.3",
      "resolved": "https://registry.npmjs.org/json-crawl/-/json-crawl-0.5.3.tgz",
      "integrity": "sha512-BEjjCw8c7SxzNK4orhlWD5cXQh8vCk2LqDr4WgQq4CV+5dvopeYwt1Tskg67SuSLKvoFH5g0yuYtg7rcfKV6YA==",
      "dev": true,
      "license": "MIT",
      "engines": {
        "node": ">=14.0.0"
      }
    },
    "node_modules/typescript": {
      "version": "5.9.3",
      "resolved": "https://registry.npmjs.org/typescript/-/typescript-5.9.3.tgz",
      "integrity": "sha512-jl1vZzPDinLr9eUt3J/t7V6FgNEw9QjvBPdysz9KfQDD41fQrC2Y4vKQdiaUpFT4bXlb1RHhLpp8wtm6M5TgSw==",
      "dev": true,
      "license": "Apache-2.0",
      "bin": {
        "tsc": "bin/tsc",
        "tsserver": "bin/tsserver"
      },
      "engines": {
        "node": ">=14.17"
      }
    },
    "node_modules/undici-types": {
      "version": "7.18.2",
      "resolved": "https://registry.npmjs.org/undici-types/-/undici-types-7.18.2.tgz",
      "integrity": "sha512-AsuCzffGHJybSaRrmr5eHr81mwJU3kjw6M+uprWvCXiNeN9SOGwQ3Jn8jb8m3Z6izVgknn1R0FTCEAP2QrLY/w==",
      "dev": true,
      "license": "MIT"
    },
    "node_modules/yaml": {
      "version": "2.8.3",
      "resolved": "https://registry.npmjs.org/yaml/-/yaml-2.8.3.tgz",
      "integrity": "sha512-AvbaCLOO2Otw/lW5bmh9d/WEdcDFdQp2Z2ZUH3pX9U2ihyUY0nvLv7J6TrWowklRGPYbB/IuIMfYgxaCPg5Bpg==",
      "dev": true,
      "license": "ISC",
      "bin": {
        "yaml": "bin.mjs"
      },
      "engines": {
        "node": ">= 14.6"
      },
      "funding": {
        "url": "https://github.com/sponsors/eemeli"
      }
    }
  }
}
